// !$*UTF8*$!
{
	archiveVersion = 1;
	classes = {
	};
	objectVersion = 50;
	objects = {

/* Begin PBXBuildFile section */
		2C7D8C5E246364E9009F8656 /* AppDelegate.swift in Sources */ = {isa = PBXBuildFile; fileRef = 2C7D8C5D246364E9009F8656 /* AppDelegate.swift */; };
		2C7D8C60246364E9009F8656 /* SceneDelegate.swift in Sources */ = {isa = PBXBuildFile; fileRef = 2C7D8C5F246364E9009F8656 /* SceneDelegate.swift */; };
		2C7D8C65246364E9009F8656 /* Main.storyboard in Resources */ = {isa = PBXBuildFile; fileRef = 2C7D8C63246364E9009F8656 /* Main.storyboard */; };
		2C7D8C67246364EE009F8656 /* Assets.xcassets in Resources */ = {isa = PBXBuildFile; fileRef = 2C7D8C66246364EE009F8656 /* Assets.xcassets */; };
		2C7D8C6A246364EE009F8656 /* LaunchScreen.storyboard in Resources */ = {isa = PBXBuildFile; fileRef = 2C7D8C68246364EE009F8656 /* LaunchScreen.storyboard */; };
		2C7DD1122463685900E09D8B /* CameraPreviewView.swift in Sources */ = {isa = PBXBuildFile; fileRef = 2C7DD1112463685900E09D8B /* CameraPreviewView.swift */; };
		2C7DD114246368D300E09D8B /* VideoPlayerView.swift in Sources */ = {isa = PBXBuildFile; fileRef = 2C7DD113246368D300E09D8B /* VideoPlayerView.swift */; };
		2C7DD11724636B8B00E09D8B /* CameraViewController.swift in Sources */ = {isa = PBXBuildFile; fileRef = 2C7DD11624636B8B00E09D8B /* CameraViewController.swift */; };
		2C7DD11B24636EA100E09D8B /* VideoPostsCollectionViewController.swift in Sources */ = {isa = PBXBuildFile; fileRef = 2C7DD11A24636EA100E09D8B /* VideoPostsCollectionViewController.swift */; };
		2C7DD11E24637BA800E09D8B /* VideoPost.swift in Sources */ = {isa = PBXBuildFile; fileRef = 2C7DD11D24637BA800E09D8B /* VideoPost.swift */; };
/* End PBXBuildFile section */

/* Begin PBXFileReference section */
		2C7D8C5A246364E9009F8656 /* VideoPosts.app */ = {isa = PBXFileReference; explicitFileType = wrapper.application; includeInIndex = 0; path = VideoPosts.app; sourceTree = BUILT_PRODUCTS_DIR; };
		2C7D8C5D246364E9009F8656 /* AppDelegate.swift */ = {isa = PBXFileReference; lastKnownFileType = sourcecode.swift; path = AppDelegate.swift; sourceTree = "<group>"; };
		2C7D8C5F246364E9009F8656 /* SceneDelegate.swift */ = {isa = PBXFileReference; lastKnownFileType = sourcecode.swift; path = SceneDelegate.swift; sourceTree = "<group>"; };
		2C7D8C64246364E9009F8656 /* Base */ = {isa = PBXFileReference; lastKnownFileType = file.storyboard; name = Base; path = Base.lproj/Main.storyboard; sourceTree = "<group>"; };
		2C7D8C66246364EE009F8656 /* Assets.xcassets */ = {isa = PBXFileReference; lastKnownFileType = folder.assetcatalog; path = Assets.xcassets; sourceTree = "<group>"; };
		2C7D8C69246364EE009F8656 /* Base */ = {isa = PBXFileReference; lastKnownFileType = file.storyboard; name = Base; path = Base.lproj/LaunchScreen.storyboard; sourceTree = "<group>"; };
		2C7D8C6B246364EE009F8656 /* Info.plist */ = {isa = PBXFileReference; lastKnownFileType = text.plist.xml; path = Info.plist; sourceTree = "<group>"; };
		2C7DD1112463685900E09D8B /* CameraPreviewView.swift */ = {isa = PBXFileReference; lastKnownFileType = sourcecode.swift; path = CameraPreviewView.swift; sourceTree = "<group>"; };
		2C7DD113246368D300E09D8B /* VideoPlayerView.swift */ = {isa = PBXFileReference; lastKnownFileType = sourcecode.swift; path = VideoPlayerView.swift; sourceTree = "<group>"; };
		2C7DD11624636B8B00E09D8B /* CameraViewController.swift */ = {isa = PBXFileReference; lastKnownFileType = sourcecode.swift; path = CameraViewController.swift; sourceTree = "<group>"; };
		2C7DD11A24636EA100E09D8B /* VideoPostsCollectionViewController.swift */ = {isa = PBXFileReference; lastKnownFileType = sourcecode.swift; path = VideoPostsCollectionViewController.swift; sourceTree = "<group>"; };
		2C7DD11D24637BA800E09D8B /* VideoPost.swift */ = {isa = PBXFileReference; lastKnownFileType = sourcecode.swift; path = VideoPost.swift; sourceTree = "<group>"; };
/* End PBXFileReference section */

/* Begin PBXFrameworksBuildPhase section */
		2C7D8C57246364E9009F8656 /* Frameworks */ = {
			isa = PBXFrameworksBuildPhase;
			buildActionMask = 2147483647;
			files = (
			);
			runOnlyForDeploymentPostprocessing = 0;
		};
/* End PBXFrameworksBuildPhase section */

/* Begin PBXGroup section */
		2C7D8C51246364E9009F8656 = {
			isa = PBXGroup;
			children = (
				2C7D8C5C246364E9009F8656 /* VideoPosts */,
				2C7D8C5B246364E9009F8656 /* Products */,
			);
			sourceTree = "<group>";
		};
		2C7D8C5B246364E9009F8656 /* Products */ = {
			isa = PBXGroup;
			children = (
				2C7D8C5A246364E9009F8656 /* VideoPosts.app */,
			);
			name = Products;
			sourceTree = "<group>";
		};
		2C7D8C5C246364E9009F8656 /* VideoPosts */ = {
			isa = PBXGroup;
			children = (
				2C7DD10B2463675400E09D8B /* Application */,
				2C7DD10C2463679A00E09D8B /* Storyboards */,
				2C7DD11C24637A3700E09D8B /* Models */,
				2C7DD11524636ADF00E09D8B /* View Controller */,
				2C7DD1102463683A00E09D8B /* Helpers */,
				2C7DD10D246367BD00E09D8B /* Resources */,
			);
			path = VideoPosts;
			sourceTree = "<group>";
		};
		2C7DD10B2463675400E09D8B /* Application */ = {
			isa = PBXGroup;
			children = (
				2C7D8C5D246364E9009F8656 /* AppDelegate.swift */,
				2C7D8C5F246364E9009F8656 /* SceneDelegate.swift */,
			);
			name = Application;
			sourceTree = "<group>";
		};
		2C7DD10C2463679A00E09D8B /* Storyboards */ = {
			isa = PBXGroup;
			children = (
				2C7D8C68246364EE009F8656 /* LaunchScreen.storyboard */,
				2C7D8C63246364E9009F8656 /* Main.storyboard */,
			);
			name = Storyboards;
			sourceTree = "<group>";
		};
		2C7DD10D246367BD00E09D8B /* Resources */ = {
			isa = PBXGroup;
			children = (
				2C7D8C66246364EE009F8656 /* Assets.xcassets */,
				2C7D8C6B246364EE009F8656 /* Info.plist */,
			);
			name = Resources;
			sourceTree = "<group>";
		};
		2C7DD1102463683A00E09D8B /* Helpers */ = {
			isa = PBXGroup;
			children = (
				2C7DD1112463685900E09D8B /* CameraPreviewView.swift */,
				2C7DD113246368D300E09D8B /* VideoPlayerView.swift */,
			);
			name = Helpers;
			sourceTree = "<group>";
		};
		2C7DD11524636ADF00E09D8B /* View Controller */ = {
			isa = PBXGroup;
			children = (
				2C7DD11A24636EA100E09D8B /* VideoPostsCollectionViewController.swift */,
				2C7DD11624636B8B00E09D8B /* CameraViewController.swift */,
			);
			name = "View Controller";
			sourceTree = "<group>";
		};
		2C7DD11C24637A3700E09D8B /* Models */ = {
			isa = PBXGroup;
			children = (
				2C7DD11D24637BA800E09D8B /* VideoPost.swift */,
			);
			name = Models;
			sourceTree = "<group>";
		};
/* End PBXGroup section */

/* Begin PBXNativeTarget section */
		2C7D8C59246364E9009F8656 /* VideoPosts */ = {
			isa = PBXNativeTarget;
			buildConfigurationList = 2C7D8C6E246364EE009F8656 /* Build configuration list for PBXNativeTarget "VideoPosts" */;
			buildPhases = (
				2C7D8C56246364E9009F8656 /* Sources */,
				2C7D8C57246364E9009F8656 /* Frameworks */,
				2C7D8C58246364E9009F8656 /* Resources */,
			);
			buildRules = (
			);
			dependencies = (
			);
			name = VideoPosts;
			productName = VideoPosts;
			productReference = 2C7D8C5A246364E9009F8656 /* VideoPosts.app */;
			productType = "com.apple.product-type.application";
		};
/* End PBXNativeTarget section */

/* Begin PBXProject section */
		2C7D8C52246364E9009F8656 /* Project object */ = {
			isa = PBXProject;
			attributes = {
				LastSwiftUpdateCheck = 1140;
				LastUpgradeCheck = 1140;
				ORGANIZATIONNAME = "Tobi Kuyoro";
				TargetAttributes = {
					2C7D8C59246364E9009F8656 = {
						CreatedOnToolsVersion = 11.4.1;
					};
				};
			};
			buildConfigurationList = 2C7D8C55246364E9009F8656 /* Build configuration list for PBXProject "VideoPosts" */;
			compatibilityVersion = "Xcode 9.3";
			developmentRegion = en;
			hasScannedForEncodings = 0;
			knownRegions = (
				en,
				Base,
			);
			mainGroup = 2C7D8C51246364E9009F8656;
			productRefGroup = 2C7D8C5B246364E9009F8656 /* Products */;
			projectDirPath = "";
			projectRoot = "";
			targets = (
				2C7D8C59246364E9009F8656 /* VideoPosts */,
			);
		};
/* End PBXProject section */

/* Begin PBXResourcesBuildPhase section */
		2C7D8C58246364E9009F8656 /* Resources */ = {
			isa = PBXResourcesBuildPhase;
			buildActionMask = 2147483647;
			files = (
				2C7D8C6A246364EE009F8656 /* LaunchScreen.storyboard in Resources */,
				2C7D8C67246364EE009F8656 /* Assets.xcassets in Resources */,
				2C7D8C65246364E9009F8656 /* Main.storyboard in Resources */,
			);
			runOnlyForDeploymentPostprocessing = 0;
		};
/* End PBXResourcesBuildPhase section */

/* Begin PBXSourcesBuildPhase section */
		2C7D8C56246364E9009F8656 /* Sources */ = {
			isa = PBXSourcesBuildPhase;
			buildActionMask = 2147483647;
			files = (
				2C7D8C5E246364E9009F8656 /* AppDelegate.swift in Sources */,
				2C7DD11724636B8B00E09D8B /* CameraViewController.swift in Sources */,
				2C7DD11E24637BA800E09D8B /* VideoPost.swift in Sources */,
				2C7D8C60246364E9009F8656 /* SceneDelegate.swift in Sources */,
				2C7DD1122463685900E09D8B /* CameraPreviewView.swift in Sources */,
				2C7DD11B24636EA100E09D8B /* VideoPostsCollectionViewController.swift in Sources */,
				2C7DD114246368D300E09D8B /* VideoPlayerView.swift in Sources */,
			);
			runOnlyForDeploymentPostprocessing = 0;
		};
/* End PBXSourcesBuildPhase section */

/* Begin PBXVariantGroup section */
		2C7D8C63246364E9009F8656 /* Main.storyboard */ = {
			isa = PBXVariantGroup;
			children = (
				2C7D8C64246364E9009F8656 /* Base */,
			);
			name = Main.storyboard;
			sourceTree = "<group>";
		};
		2C7D8C68246364EE009F8656 /* LaunchScreen.storyboard */ = {
			isa = PBXVariantGroup;
			children = (
				2C7D8C69246364EE009F8656 /* Base */,
			);
			name = LaunchScreen.storyboard;
			sourceTree = "<group>";
		};
/* End PBXVariantGroup section */

/* Begin XCBuildConfiguration section */
		2C7D8C6C246364EE009F8656 /* Debug */ = {
			isa = XCBuildConfiguration;
			buildSettings = {
				ALWAYS_SEARCH_USER_PATHS = NO;
				CLANG_ANALYZER_NONNULL = YES;
				CLANG_ANALYZER_NUMBER_OBJECT_CONVERSION = YES_AGGRESSIVE;
				CLANG_CXX_LANGUAGE_STANDARD = "gnu++14";
				CLANG_CXX_LIBRARY = "libc++";
				CLANG_ENABLE_MODULES = YES;
				CLANG_ENABLE_OBJC_ARC = YES;
				CLANG_ENABLE_OBJC_WEAK = YES;
				CLANG_WARN_BLOCK_CAPTURE_AUTORELEASING = YES;
				CLANG_WARN_BOOL_CONVERSION = YES;
				CLANG_WARN_COMMA = YES;
				CLANG_WARN_CONSTANT_CONVERSION = YES;
				CLANG_WARN_DEPRECATED_OBJC_IMPLEMENTATIONS = YES;
				CLANG_WARN_DIRECT_OBJC_ISA_USAGE = YES_ERROR;
				CLANG_WARN_DOCUMENTATION_COMMENTS = YES;
				CLANG_WARN_EMPTY_BODY = YES;
				CLANG_WARN_ENUM_CONVERSION = YES;
				CLANG_WARN_INFINITE_RECURSION = YES;
				CLANG_WARN_INT_CONVERSION = YES;
				CLANG_WARN_NON_LITERAL_NULL_CONVERSION = YES;
				CLANG_WARN_OBJC_IMPLICIT_RETAIN_SELF = YES;
				CLANG_WARN_OBJC_LITERAL_CONVERSION = YES;
				CLANG_WARN_OBJC_ROOT_CLASS = YES_ERROR;
				CLANG_WARN_RANGE_LOOP_ANALYSIS = YES;
				CLANG_WARN_STRICT_PROTOTYPES = YES;
				CLANG_WARN_SUSPICIOUS_MOVE = YES;
				CLANG_WARN_UNGUARDED_AVAILABILITY = YES_AGGRESSIVE;
				CLANG_WARN_UNREACHABLE_CODE = YES;
				CLANG_WARN__DUPLICATE_METHOD_MATCH = YES;
				COPY_PHASE_STRIP = NO;
				DEBUG_INFORMATION_FORMAT = dwarf;
				ENABLE_STRICT_OBJC_MSGSEND = YES;
				ENABLE_TESTABILITY = YES;
				GCC_C_LANGUAGE_STANDARD = gnu11;
				GCC_DYNAMIC_NO_PIC = NO;
				GCC_NO_COMMON_BLOCKS = YES;
				GCC_OPTIMIZATION_LEVEL = 0;
				GCC_PREPROCESSOR_DEFINITIONS = (
					"DEBUG=1",
					"$(inherited)",
				);
				GCC_WARN_64_TO_32_BIT_CONVERSION = YES;
				GCC_WARN_ABOUT_RETURN_TYPE = YES_ERROR;
				GCC_WARN_UNDECLARED_SELECTOR = YES;
				GCC_WARN_UNINITIALIZED_AUTOS = YES_AGGRESSIVE;
				GCC_WARN_UNUSED_FUNCTION = YES;
				GCC_WARN_UNUSED_VARIABLE = YES;
				IPHONEOS_DEPLOYMENT_TARGET = 13.4;
				MTL_ENABLE_DEBUG_INFO = INCLUDE_SOURCE;
				MTL_FAST_MATH = YES;
				ONLY_ACTIVE_ARCH = YES;
				SDKROOT = iphoneos;
				SWIFT_ACTIVE_COMPILATION_CONDITIONS = DEBUG;
				SWIFT_OPTIMIZATION_LEVEL = "-Onone";
			};
			name = Debug;
		};
		2C7D8C6D246364EE009F8656 /* Release */ = {
			isa = XCBuildConfiguration;
			buildSettings = {
				ALWAYS_SEARCH_USER_PATHS = NO;
				CLANG_ANALYZER_NONNULL = YES;
				CLANG_ANALYZER_NUMBER_OBJECT_CONVERSION = YES_AGGRESSIVE;
				CLANG_CXX_LANGUAGE_STANDARD = "gnu++14";
				CLANG_CXX_LIBRARY = "libc++";
				CLANG_ENABLE_MODULES = YES;
				CLANG_ENABLE_OBJC_ARC = YES;
				CLANG_ENABLE_OBJC_WEAK = YES;
				CLANG_WARN_BLOCK_CAPTURE_AUTORELEASING = YES;
				CLANG_WARN_BOOL_CONVERSION = YES;
				CLANG_WARN_COMMA = YES;
				CLANG_WARN_CONSTANT_CONVERSION = YES;
				CLANG_WARN_DEPRECATED_OBJC_IMPLEMENTATIONS = YES;
				CLANG_WARN_DIRECT_OBJC_ISA_USAGE = YES_ERROR;
				CLANG_WARN_DOCUMENTATION_COMMENTS = YES;
				CLANG_WARN_EMPTY_BODY = YES;
				CLANG_WARN_ENUM_CONVERSION = YES;
				CLANG_WARN_INFINITE_RECURSION = YES;
				CLANG_WARN_INT_CONVERSION = YES;
				CLANG_WARN_NON_LITERAL_NULL_CONVERSION = YES;
				CLANG_WARN_OBJC_IMPLICIT_RETAIN_SELF = YES;
				CLANG_WARN_OBJC_LITERAL_CONVERSION = YES;
				CLANG_WARN_OBJC_ROOT_CLASS = YES_ERROR;
				CLANG_WARN_RANGE_LOOP_ANALYSIS = YES;
				CLANG_WARN_STRICT_PROTOTYPES = YES;
				CLANG_WARN_SUSPICIOUS_MOVE = YES;
				CLANG_WARN_UNGUARDED_AVAILABILITY = YES_AGGRESSIVE;
				CLANG_WARN_UNREACHABLE_CODE = YES;
				CLANG_WARN__DUPLICATE_METHOD_MATCH = YES;
				COPY_PHASE_STRIP = NO;
				DEBUG_INFORMATION_FORMAT = "dwarf-with-dsym";
				ENABLE_NS_ASSERTIONS = NO;
				ENABLE_STRICT_OBJC_MSGSEND = YES;
				GCC_C_LANGUAGE_STANDARD = gnu11;
				GCC_NO_COMMON_BLOCKS = YES;
				GCC_WARN_64_TO_32_BIT_CONVERSION = YES;
				GCC_WARN_ABOUT_RETURN_TYPE = YES_ERROR;
				GCC_WARN_UNDECLARED_SELECTOR = YES;
				GCC_WARN_UNINITIALIZED_AUTOS = YES_AGGRESSIVE;
				GCC_WARN_UNUSED_FUNCTION = YES;
				GCC_WARN_UNUSED_VARIABLE = YES;
				IPHONEOS_DEPLOYMENT_TARGET = 13.4;
				MTL_ENABLE_DEBUG_INFO = NO;
				MTL_FAST_MATH = YES;
				SDKROOT = iphoneos;
				SWIFT_COMPILATION_MODE = wholemodule;
				SWIFT_OPTIMIZATION_LEVEL = "-O";
				VALIDATE_PRODUCT = YES;
			};
			name = Release;
		};
		2C7D8C6F246364EE009F8656 /* Debug */ = {
			isa = XCBuildConfiguration;
			buildSettings = {
				ASSETCATALOG_COMPILER_APPICON_NAME = AppIcon;
				CODE_SIGN_STYLE = Automatic;
				DEVELOPMENT_TEAM = W485VTCC9R;
				INFOPLIST_FILE = VideoPosts/Info.plist;
				LD_RUNPATH_SEARCH_PATHS = (
					"$(inherited)",
					"@executable_path/Frameworks",
				);
				PRODUCT_BUNDLE_IDENTIFIER = com.tobikuyoro.VideoPosts;
				PRODUCT_NAME = "$(TARGET_NAME)";
				SWIFT_VERSION = 5.0;
				TARGETED_DEVICE_FAMILY = "1,2";
			};
			name = Debug;
		};
		2C7D8C70246364EE009F8656 /* Release */ = {
			isa = XCBuildConfiguration;
			buildSettings = {
				ASSETCATALOG_COMPILER_APPICON_NAME = AppIcon;
				CODE_SIGN_STYLE = Automatic;
				DEVELOPMENT_TEAM = W485VTCC9R;
				INFOPLIST_FILE = VideoPosts/Info.plist;
				LD_RUNPATH_SEARCH_PATHS = (
					"$(inherited)",
					"@executable_path/Frameworks",
				);
				PRODUCT_BUNDLE_IDENTIFIER = com.tobikuyoro.VideoPosts;
				PRODUCT_NAME = "$(TARGET_NAME)";
				SWIFT_VERSION = 5.0;
				TARGETED_DEVICE_FAMILY = "1,2";
			};
			name = Release;
		};
/* End XCBuildConfiguration section */

/* Begin XCConfigurationList section */
		2C7D8C55246364E9009F8656 /* Build configuration list for PBXProject "VideoPosts" */ = {
			isa = XCConfigurationList;
			buildConfigurations = (
				2C7D8C6C246364EE009F8656 /* Debug */,
				2C7D8C6D246364EE009F8656 /* Release */,
			);
			defaultConfigurationIsVisible = 0;
			defaultConfigurationName = Release;
		};
		2C7D8C6E246364EE009F8656 /* Build configuration list for PBXNativeTarget "VideoPosts" */ = {
			isa = XCConfigurationList;
			buildConfigurations = (
				2C7D8C6F246364EE009F8656 /* Debug */,
				2C7D8C70246364EE009F8656 /* Release */,
			);
			defaultConfigurationIsVisible = 0;
			defaultConfigurationName = Release;
		};
/* End XCConfigurationList section */
	};
	rootObject = 2C7D8C52246364E9009F8656 /* Project object */;
}
